{
  "requires": true,
  "lockfileVersion": 1,
  "dependencies": {
    "advanced-timer": {
      "version": "2.0.1",
      "resolved": "https://registry.npmjs.org/advanced-timer/-/advanced-timer-2.0.1.tgz",
      "integrity": "sha512-+LeemefaGktBfhV8/OD/GFSKagC//2sbmknkBQBP111soYzxtfoDzppWzAv4Bo3eTlnsY2PVZ3L+INgiSXpjyw=="
    }
  }
}
